{
  "name": "element_able",
  "lockfileVersion": 2,
  "requires": true,
  "packages": {
    "": {
      "dependencies": {
        "react-canvas-confetti": "^1.3.0"
      }
    },
    "node_modules/@types/canvas-confetti": {
      "version": "1.4.2",
      "resolved": "https://registry.npmjs.org/@types/canvas-confetti/-/canvas-confetti-1.4.2.tgz",
      "integrity": "sha512-t45KUDHlwrD9PJVRHc5z1SlXhO82BQEgMKUXGEV1KnWLFMPA6Y5LfUsLTHHzH9KcKDHZLEiYYH5nIDcjRKWNTg=="
    },
    "node_modules/canvas-confetti": {
      "version": "1.5.1",
      "resolved": "https://registry.npmjs.org/canvas-confetti/-/canvas-confetti-1.5.1.tgz",
      "integrity": "sha512-Ncz+oZJP6OvY7ti4E1slxVlyAV/3g7H7oQtcCDXgwGgARxPnwYY9PW5Oe+I8uvspYNtuHviAdgA0LfcKFWJfpg==",
      "funding": {
        "type": "donate",
        "url": "https://www.paypal.me/kirilvatev"
      }
    },
    "node_modules/js-tokens": {
      "version": "4.0.0",
      "resolved": "https://registry.npmjs.org/js-tokens/-/js-tokens-4.0.0.tgz",
      "integrity": "sha512-RdJUflcE3cUzKiMqQgsCu06FPu9UdIJO0beYbPhHN4k6apgJtifcoCtT9bcxOpYBtpD2kCM6Sbzg4CausW/PKQ==",
      "peer": true
    },
    "node_modules/loose-envify": {
      "version": "1.4.0",
      "resolved": "https://registry.npmjs.org/loose-envify/-/loose-envify-1.4.0.tgz",
      "integrity": "sha512-lyuxPGr/Wfhrlem2CL/UcnUc1zcqKAImBDzukY7Y5F/yQiNdko6+fRLevlw1HgMySw7f611UIY408EtxRSoK3Q==",
      "peer": true,
      "dependencies": {
        "js-tokens": "^3.0.0 || ^4.0.0"
      },
      "bin": {
        "loose-envify": "cli.js"
      }
    },
    "node_modules/react": {
      "version": "18.2.0",
      "resolved": "https://registry.npmjs.org/react/-/react-18.2.0.tgz",
      "integrity": "sha512-/3IjMdb2L9QbBdWiW5e3P2/npwMBaU9mHCSCUzNln0ZCYbcfTsGbTJrU/kGemdH2IWmB2ioZ+zkxtmq6g09fGQ==",
      "peer": true,
      "dependencies": {
        "loose-envify": "^1.1.0"
      },
      "engines": {
        "node": ">=0.10.0"
      }
    },
    "node_modules/react-canvas-confetti": {
      "version": "1.3.0",
      "resolved": "https://registry.npmjs.org/react-canvas-confetti/-/react-canvas-confetti-1.3.0.tgz",
      "integrity": "sha512-5qBYTux3GKIu77SZ72oZYk4yvy1r4Z8q/BgIuO7mZrkqv/wH9vM7Yr/BzcqApGy9qZtIctF1Q41EYyw3aSDBmg==",
      "dependencies": {
        "@types/canvas-confetti": "1.4.2",
        "canvas-confetti": "1.5.1"
      },
      "peerDependencies": {
        "react": "*"
      }
    }
  },
  "dependencies": {
    "@types/canvas-confetti": {
      "version": "1.4.2",
      "resolved": "https://registry.npmjs.org/@types/canvas-confetti/-/canvas-confetti-1.4.2.tgz",
      "integrity": "sha512-t45KUDHlwrD9PJVRHc5z1SlXhO82BQEgMKUXGEV1KnWLFMPA6Y5LfUsLTHHzH9KcKDHZLEiYYH5nIDcjRKWNTg=="
    },
    "canvas-confetti": {
      "version": "1.5.1",
      "resolved": "https://registry.npmjs.org/canvas-confetti/-/canvas-confetti-1.5.1.tgz",
      "integrity": "sha512-Ncz+oZJP6OvY7ti4E1slxVlyAV/3g7H7oQtcCDXgwGgARxPnwYY9PW5Oe+I8uvspYNtuHviAdgA0LfcKFWJfpg=="
    },
    "js-tokens": {
      "version": "4.0.0",
      "resolved": "https://registry.npmjs.org/js-tokens/-/js-tokens-4.0.0.tgz",
      "integrity": "sha512-RdJUflcE3cUzKiMqQgsCu06FPu9UdIJO0beYbPhHN4k6apgJtifcoCtT9bcxOpYBtpD2kCM6Sbzg4CausW/PKQ==",
      "peer": true
    },
    "loose-envify": {
      "version": "1.4.0",
      "resolved": "https://registry.npmjs.org/loose-envify/-/loose-envify-1.4.0.tgz",
      "integrity": "sha512-lyuxPGr/Wfhrlem2CL/UcnUc1zcqKAImBDzukY7Y5F/yQiNdko6+fRLevlw1HgMySw7f611UIY408EtxRSoK3Q==",
      "peer": true,
      "requires": {
        "js-tokens": "^3.0.0 || ^4.0.0"
      }
    },
    "react": {
      "version": "18.2.0",
      "resolved": "https://registry.npmjs.org/react/-/react-18.2.0.tgz",
      "integrity": "sha512-/3IjMdb2L9QbBdWiW5e3P2/npwMBaU9mHCSCUzNln0ZCYbcfTsGbTJrU/kGemdH2IWmB2ioZ+zkxtmq6g09fGQ==",
      "peer": true,
      "requires": {
        "loose-envify": "^1.1.0"
      }
    },
    "react-canvas-confetti": {
      "version": "1.3.0",
      "resolved": "https://registry.npmjs.org/react-canvas-confetti/-/react-canvas-confetti-1.3.0.tgz",
      "integrity": "sha512-5qBYTux3GKIu77SZ72oZYk4yvy1r4Z8q/BgIuO7mZrkqv/wH9vM7Yr/BzcqApGy9qZtIctF1Q41EYyw3aSDBmg==",
      "requires": {
        "@types/canvas-confetti": "1.4.2",
        "canvas-confetti": "1.5.1"
      }
    }
  }
}
